
Microsoft Visual Studio Solution File, Format Version 12.00
# Visual Studio Version 17
VisualStudioVersion = 17.8.34330.188
MinimumVisualStudioVersion = 10.0.40219.1
Project("{FAE04EC0-301F-11D3-BF4B-00C04F79EFBC}") = "day9", "day9\day9.csproj", "{C39D5F12-ABD6-4BDD-976F-DFED5AA38CB8}"
EndProject
Global
	GlobalSection(SolutionConfigurationPlatforms) = preSolution
		Debug|Any CPU = Debug|Any CPU
		Release|Any CPU = Release|Any CPU
	EndGlobalSection
	GlobalSection(ProjectConfigurationPlatforms) = postSolution
		{C39D5F12-ABD6-4BDD-976F-DFED5AA38CB8}.Debug|Any CPU.ActiveCfg = Debug|Any CPU
		{C39D5F12-ABD6-4BDD-976F-DFED5AA38CB8}.Debug|Any CPU.Build.0 = Debug|Any CPU
		{C39D5F12-ABD6-4BDD-976F-DFED5AA38CB8}.Release|Any CPU.ActiveCfg = Release|Any CPU
		{C39D5F12-ABD6-4BDD-976F-DFED5AA38CB8}.Release|Any CPU.Build.0 = Release|Any CPU
	EndGlobalSection
	GlobalSection(SolutionProperties) = preSolution
		HideSolutionNode = FALSE
	EndGlobalSection
	GlobalSection(ExtensibilityGlobals) = postSolution
		SolutionGuid = {4CFB8926-3359-4CA0-8272-99D3B3890FA6}
	EndGlobalSection
EndGlobal
